
Microsoft Visual Studio Solution File, Format Version 12.00
# Visual Studio 2015
Project("{FAE04EC0-301F-11D3-BF4B-00C04F79EFBC}") = "Steam Souls.CSharp.Plugins", "Steam Souls.CSharp.Plugins.csproj", "{128DB30F-94DC-969E-81B4-BC9E10EB5A8C}"
EndProject
Project("{FAE04EC0-301F-11D3-BF4B-00C04F79EFBC}") = "Steam Souls.CSharp", "Steam Souls.CSharp.csproj", "{17491409-28ED-1608-C26E-EF1A3C0BBA7F}"
EndProject
Project("{FAE04EC0-301F-11D3-BF4B-00C04F79EFBC}") = "Steam Souls.CSharp.Editor", "Steam Souls.CSharp.Editor.csproj", "{11D43A44-54A0-0FD8-52A0-D5D77631E009}"
EndProject
Global
	GlobalSection(SolutionConfigurationPlatforms) = preSolution
		Debug|Any CPU = Debug|Any CPU
		Release|Any CPU = Release|Any CPU
	EndGlobalSection
	GlobalSection(ProjectConfigurationPlatforms) = postSolution
		{128DB30F-94DC-969E-81B4-BC9E10EB5A8C}.Debug|Any CPU.ActiveCfg = Debug|Any CPU
		{128DB30F-94DC-969E-81B4-BC9E10EB5A8C}.Debug|Any CPU.Build.0 = Debug|Any CPU
		{128DB30F-94DC-969E-81B4-BC9E10EB5A8C}.Release|Any CPU.ActiveCfg = Release|Any CPU
		{128DB30F-94DC-969E-81B4-BC9E10EB5A8C}.Release|Any CPU.Build.0 = Release|Any CPU
		{17491409-28ED-1608-C26E-EF1A3C0BBA7F}.Debug|Any CPU.ActiveCfg = Debug|Any CPU
		{17491409-28ED-1608-C26E-EF1A3C0BBA7F}.Debug|Any CPU.Build.0 = Debug|Any CPU
		{17491409-28ED-1608-C26E-EF1A3C0BBA7F}.Release|Any CPU.ActiveCfg = Release|Any CPU
		{17491409-28ED-1608-C26E-EF1A3C0BBA7F}.Release|Any CPU.Build.0 = Release|Any CPU
		{11D43A44-54A0-0FD8-52A0-D5D77631E009}.Debug|Any CPU.ActiveCfg = Debug|Any CPU
		{11D43A44-54A0-0FD8-52A0-D5D77631E009}.Debug|Any CPU.Build.0 = Debug|Any CPU
		{11D43A44-54A0-0FD8-52A0-D5D77631E009}.Release|Any CPU.ActiveCfg = Release|Any CPU
		{11D43A44-54A0-0FD8-52A0-D5D77631E009}.Release|Any CPU.Build.0 = Release|Any CPU
	EndGlobalSection
	GlobalSection(SolutionProperties) = preSolution
		HideSolutionNode = FALSE
	EndGlobalSection
EndGlobal
